// !$*UTF8*$!
{
	archiveVersion = 1;
	classes = {
	};
	objectVersion = 52;
	objects = {

/* Begin PBXBuildFile section */
		8F0DA53D2319C80B0021FB7E /* Settings.swift in Sources */ = {isa = PBXBuildFile; fileRef = 8F0DA53C2319C80B0021FB7E /* Settings.swift */; };
		8F3430582336C8C600951B79 /* HistoryDatabase.swift in Sources */ = {isa = PBXBuildFile; fileRef = 8F3430572336C8C600951B79 /* HistoryDatabase.swift */; };
		8F3E6EA8233AB1E60080FAD7 /* ChartsContainer.swift in Sources */ = {isa = PBXBuildFile; fileRef = 8F3E6EA7233AB1E60080FAD7 /* ChartsContainer.swift */; };
		8F401511230F3EE600F2F31D /* Balance.swift in Sources */ = {isa = PBXBuildFile; fileRef = 8F401510230F3EE600F2F31D /* Balance.swift */; };
		8F401513230F3FC200F2F31D /* Cards.swift in Sources */ = {isa = PBXBuildFile; fileRef = 8F401512230F3FC200F2F31D /* Cards.swift */; };
		8F511C9C2315D9C30046E1A0 /* BalanceView.swift in Sources */ = {isa = PBXBuildFile; fileRef = 8F511C9B2315D9C30046E1A0 /* BalanceView.swift */; };
		8F625A43230F2FA500EF3F92 /* AppDelegate.swift in Sources */ = {isa = PBXBuildFile; fileRef = 8F625A42230F2FA500EF3F92 /* AppDelegate.swift */; };
		8F625A45230F2FA500EF3F92 /* SceneDelegate.swift in Sources */ = {isa = PBXBuildFile; fileRef = 8F625A44230F2FA500EF3F92 /* SceneDelegate.swift */; };
		8F625A47230F2FA500EF3F92 /* MainView.swift in Sources */ = {isa = PBXBuildFile; fileRef = 8F625A46230F2FA500EF3F92 /* MainView.swift */; };
		8F625A49230F2FA600EF3F92 /* Assets.xcassets in Resources */ = {isa = PBXBuildFile; fileRef = 8F625A48230F2FA600EF3F92 /* Assets.xcassets */; };
		8F625A4C230F2FA600EF3F92 /* Preview Assets.xcassets in Resources */ = {isa = PBXBuildFile; fileRef = 8F625A4B230F2FA600EF3F92 /* Preview Assets.xcassets */; };
		8F625A4F230F2FA600EF3F92 /* LaunchScreen.storyboard in Resources */ = {isa = PBXBuildFile; fileRef = 8F625A4D230F2FA600EF3F92 /* LaunchScreen.storyboard */; };
		8F6DF9162337BB1D00BA1B96 /* HistoryEntry.swift in Sources */ = {isa = PBXBuildFile; fileRef = 8F6DF9152337BB1D00BA1B96 /* HistoryEntry.swift */; };
		8FA970D823148B8800F37DE7 /* CardScannerDelegate.swift in Sources */ = {isa = PBXBuildFile; fileRef = 8FA970D723148B8800F37DE7 /* CardScannerDelegate.swift */; };
		8FA970DD231499AC00F37DE7 /* DarkmodeTextColor.swift in Sources */ = {isa = PBXBuildFile; fileRef = 8FA970DC231499AC00F37DE7 /* DarkmodeTextColor.swift */; };
		8FBBC0D123380CA700A59286 /* HistoryView.swift in Sources */ = {isa = PBXBuildFile; fileRef = 8FBBC0D023380CA700A59286 /* HistoryView.swift */; };
		8FBBC0D32338164300A59286 /* HistoryData.swift in Sources */ = {isa = PBXBuildFile; fileRef = 8FBBC0D22338164300A59286 /* HistoryData.swift */; };
		8FC4B7F428E5966100100E82 /* PromiseKit in Frameworks */ = {isa = PBXBuildFile; productRef = 8FC4B7F328E5966100100E82 /* PromiseKit */; };
		8FC4B7F728E5969200100E82 /* Charts in Frameworks */ = {isa = PBXBuildFile; productRef = 8FC4B7F628E5969200100E82 /* Charts */; };
		8FD4FF802311B13200541DC6 /* SettingsView.swift in Sources */ = {isa = PBXBuildFile; fileRef = 8FD4FF7F2311B13200541DC6 /* SettingsView.swift */; };
		8FD4FF822311D2EF00541DC6 /* LegalView.swift in Sources */ = {isa = PBXBuildFile; fileRef = 8FD4FF812311D2EF00541DC6 /* LegalView.swift */; };
		8FD4FF842311D40600541DC6 /* OpenSourceLicencesView.swift in Sources */ = {isa = PBXBuildFile; fileRef = 8FD4FF832311D40600541DC6 /* OpenSourceLicencesView.swift */; };
		8FD4FF862311D4A400541DC6 /* SupportedCanteensView.swift in Sources */ = {isa = PBXBuildFile; fileRef = 8FD4FF852311D4A400541DC6 /* SupportedCanteensView.swift */; };
		8FD4FF882311D4AD00541DC6 /* AddCanteenView.swift in Sources */ = {isa = PBXBuildFile; fileRef = 8FD4FF872311D4AD00541DC6 /* AddCanteenView.swift */; };
		8FD4FF8B2311D55500541DC6 /* TextRow.swift in Sources */ = {isa = PBXBuildFile; fileRef = 8FD4FF8A2311D55500541DC6 /* TextRow.swift */; };
		8FD4FF8D2311D56500541DC6 /* CheckboxSettingRow.swift in Sources */ = {isa = PBXBuildFile; fileRef = 8FD4FF8C2311D56500541DC6 /* CheckboxSettingRow.swift */; };
		8FD4FF8F23131DA100541DC6 /* HttpLinkRow.swift in Sources */ = {isa = PBXBuildFile; fileRef = 8FD4FF8E23131DA100541DC6 /* HttpLinkRow.swift */; };
		8FD4FF91231323AA00541DC6 /* CardScanner.swift in Sources */ = {isa = PBXBuildFile; fileRef = 8FD4FF90231323AA00541DC6 /* CardScanner.swift */; };
		8FD4FF9C231326FB00541DC6 /* JKDesFireReader.framework in Frameworks */ = {isa = PBXBuildFile; fileRef = 8FD4FF9A231326F800541DC6 /* JKDesFireReader.framework */; };
		8FD4FF9D231326FB00541DC6 /* JKDesFireReader.framework in Embed Frameworks */ = {isa = PBXBuildFile; fileRef = 8FD4FF9A231326F800541DC6 /* JKDesFireReader.framework */; settings = {ATTRIBUTES = (CodeSignOnCopy, RemoveHeadersOnCopy, ); }; };
		8FD4FFA02313280100541DC6 /* Logo_rund.png in Resources */ = {isa = PBXBuildFile; fileRef = 8FD4FF9F2313280100541DC6 /* Logo_rund.png */; };
		8FD4FFA223132C4A00541DC6 /* JKM Logo.png in Resources */ = {isa = PBXBuildFile; fileRef = 8FD4FFA123132C4A00541DC6 /* JKM Logo.png */; };
		8FDE3ECB23394D9B0027064C /* HistoryDetailView.swift in Sources */ = {isa = PBXBuildFile; fileRef = 8FDE3ECA23394D9B0027064C /* HistoryDetailView.swift */; };
		8FF0B2D223EA20970025A746 /* Localizable.strings in Resources */ = {isa = PBXBuildFile; fileRef = 8FF0B2D023EA20970025A746 /* Localizable.strings */; };
		8FF0B2D623EA210B0025A746 /* InfoPlist.strings in Resources */ = {isa = PBXBuildFile; fileRef = 8FF0B2D423EA210B0025A746 /* InfoPlist.strings */; };
/* End PBXBuildFile section */

/* Begin PBXCopyFilesBuildPhase section */
		8FD4FF9E231326FB00541DC6 /* Embed Frameworks */ = {
			isa = PBXCopyFilesBuildPhase;
			buildActionMask = 2147483647;
			dstPath = "";
			dstSubfolderSpec = 10;
			files = (
				8FD4FF9D231326FB00541DC6 /* JKDesFireReader.framework in Embed Frameworks */,
			);
			name = "Embed Frameworks";
			runOnlyForDeploymentPostprocessing = 0;
		};
/* End PBXCopyFilesBuildPhase section */

/* Begin PBXFileReference section */
		8F0DA53C2319C80B0021FB7E /* Settings.swift */ = {isa = PBXFileReference; lastKnownFileType = sourcecode.swift; path = Settings.swift; sourceTree = "<group>"; };
		8F3430572336C8C600951B79 /* HistoryDatabase.swift */ = {isa = PBXFileReference; lastKnownFileType = sourcecode.swift; path = HistoryDatabase.swift; sourceTree = "<group>"; };
		8F3E6EA7233AB1E60080FAD7 /* ChartsContainer.swift */ = {isa = PBXFileReference; lastKnownFileType = sourcecode.swift; path = ChartsContainer.swift; sourceTree = "<group>"; };
		8F401510230F3EE600F2F31D /* Balance.swift */ = {isa = PBXFileReference; lastKnownFileType = sourcecode.swift; path = Balance.swift; sourceTree = "<group>"; };
		8F401512230F3FC200F2F31D /* Cards.swift */ = {isa = PBXFileReference; lastKnownFileType = sourcecode.swift; path = Cards.swift; sourceTree = "<group>"; };
		8F511C9B2315D9C30046E1A0 /* BalanceView.swift */ = {isa = PBXFileReference; lastKnownFileType = sourcecode.swift; path = BalanceView.swift; sourceTree = "<group>"; };
		8F625A3F230F2FA500EF3F92 /* MensaGuthaben.app */ = {isa = PBXFileReference; explicitFileType = wrapper.application; includeInIndex = 0; path = MensaGuthaben.app; sourceTree = BUILT_PRODUCTS_DIR; };
		8F625A42230F2FA500EF3F92 /* AppDelegate.swift */ = {isa = PBXFileReference; lastKnownFileType = sourcecode.swift; path = AppDelegate.swift; sourceTree = "<group>"; };
		8F625A44230F2FA500EF3F92 /* SceneDelegate.swift */ = {isa = PBXFileReference; lastKnownFileType = sourcecode.swift; path = SceneDelegate.swift; sourceTree = "<group>"; };
		8F625A46230F2FA500EF3F92 /* MainView.swift */ = {isa = PBXFileReference; lastKnownFileType = sourcecode.swift; path = MainView.swift; sourceTree = "<group>"; };
		8F625A48230F2FA600EF3F92 /* Assets.xcassets */ = {isa = PBXFileReference; lastKnownFileType = folder.assetcatalog; path = Assets.xcassets; sourceTree = "<group>"; };
		8F625A4B230F2FA600EF3F92 /* Preview Assets.xcassets */ = {isa = PBXFileReference; lastKnownFileType = folder.assetcatalog; path = "Preview Assets.xcassets"; sourceTree = "<group>"; };
		8F625A4E230F2FA600EF3F92 /* Base */ = {isa = PBXFileReference; lastKnownFileType = file.storyboard; name = Base; path = Base.lproj/LaunchScreen.storyboard; sourceTree = "<group>"; };
		8F625A50230F2FA600EF3F92 /* Info.plist */ = {isa = PBXFileReference; lastKnownFileType = text.plist.xml; path = Info.plist; sourceTree = "<group>"; };
		8F6DF9152337BB1D00BA1B96 /* HistoryEntry.swift */ = {isa = PBXFileReference; lastKnownFileType = sourcecode.swift; path = HistoryEntry.swift; sourceTree = "<group>"; };
		8FA970D723148B8800F37DE7 /* CardScannerDelegate.swift */ = {isa = PBXFileReference; lastKnownFileType = sourcecode.swift; path = CardScannerDelegate.swift; sourceTree = "<group>"; };
		8FA970D9231491FB00F37DE7 /* MensaGuthaben.entitlements */ = {isa = PBXFileReference; lastKnownFileType = text.plist.entitlements; path = MensaGuthaben.entitlements; sourceTree = "<group>"; };
		8FA970DC231499AC00F37DE7 /* DarkmodeTextColor.swift */ = {isa = PBXFileReference; lastKnownFileType = sourcecode.swift; path = DarkmodeTextColor.swift; sourceTree = "<group>"; };
		8FBBC0D023380CA700A59286 /* HistoryView.swift */ = {isa = PBXFileReference; lastKnownFileType = sourcecode.swift; path = HistoryView.swift; sourceTree = "<group>"; };
		8FBBC0D22338164300A59286 /* HistoryData.swift */ = {isa = PBXFileReference; lastKnownFileType = sourcecode.swift; path = HistoryData.swift; sourceTree = "<group>"; };
		8FBC70482508194200FD0198 /* de */ = {isa = PBXFileReference; lastKnownFileType = text.plist.strings; name = de; path = de.lproj/LaunchScreen.strings; sourceTree = "<group>"; };
		8FBC70492508194200FD0198 /* de */ = {isa = PBXFileReference; lastKnownFileType = text.plist.strings; name = de; path = de.lproj/Localizable.strings; sourceTree = "<group>"; };
		8FBC704A2508194200FD0198 /* de */ = {isa = PBXFileReference; lastKnownFileType = text.plist.strings; name = de; path = de.lproj/InfoPlist.strings; sourceTree = "<group>"; };
		8FD4FF7F2311B13200541DC6 /* SettingsView.swift */ = {isa = PBXFileReference; lastKnownFileType = sourcecode.swift; path = SettingsView.swift; sourceTree = "<group>"; };
		8FD4FF812311D2EF00541DC6 /* LegalView.swift */ = {isa = PBXFileReference; lastKnownFileType = sourcecode.swift; path = LegalView.swift; sourceTree = "<group>"; };
		8FD4FF832311D40600541DC6 /* OpenSourceLicencesView.swift */ = {isa = PBXFileReference; lastKnownFileType = sourcecode.swift; path = OpenSourceLicencesView.swift; sourceTree = "<group>"; };
		8FD4FF852311D4A400541DC6 /* SupportedCanteensView.swift */ = {isa = PBXFileReference; lastKnownFileType = sourcecode.swift; path = SupportedCanteensView.swift; sourceTree = "<group>"; };
		8FD4FF872311D4AD00541DC6 /* AddCanteenView.swift */ = {isa = PBXFileReference; lastKnownFileType = sourcecode.swift; path = AddCanteenView.swift; sourceTree = "<group>"; };
		8FD4FF8A2311D55500541DC6 /* TextRow.swift */ = {isa = PBXFileReference; lastKnownFileType = sourcecode.swift; path = TextRow.swift; sourceTree = "<group>"; };
		8FD4FF8C2311D56500541DC6 /* CheckboxSettingRow.swift */ = {isa = PBXFileReference; lastKnownFileType = sourcecode.swift; path = CheckboxSettingRow.swift; sourceTree = "<group>"; };
		8FD4FF8E23131DA100541DC6 /* HttpLinkRow.swift */ = {isa = PBXFileReference; lastKnownFileType = sourcecode.swift; path = HttpLinkRow.swift; sourceTree = "<group>"; };
		8FD4FF90231323AA00541DC6 /* CardScanner.swift */ = {isa = PBXFileReference; lastKnownFileType = sourcecode.swift; path = CardScanner.swift; sourceTree = "<group>"; };
		8FD4FF9A231326F800541DC6 /* JKDesFireReader.framework */ = {isa = PBXFileReference; lastKnownFileType = wrapper.framework; name = JKDesFireReader.framework; path = MensaGuthaben/Frameworks/JKDesFireReader.framework; sourceTree = "<group>"; };
		8FD4FF9F2313280100541DC6 /* Logo_rund.png */ = {isa = PBXFileReference; lastKnownFileType = image.png; path = Logo_rund.png; sourceTree = SOURCE_ROOT; };
		8FD4FFA123132C4A00541DC6 /* JKM Logo.png */ = {isa = PBXFileReference; lastKnownFileType = image.png; path = "JKM Logo.png"; sourceTree = SOURCE_ROOT; };
		8FDE3ECA23394D9B0027064C /* HistoryDetailView.swift */ = {isa = PBXFileReference; lastKnownFileType = sourcecode.swift; path = HistoryDetailView.swift; sourceTree = "<group>"; };
		8FF0B2D123EA20970025A746 /* Base */ = {isa = PBXFileReference; lastKnownFileType = text.plist.strings; name = Base; path = Base.lproj/Localizable.strings; sourceTree = "<group>"; };
		8FF0B2D523EA210B0025A746 /* Base */ = {isa = PBXFileReference; lastKnownFileType = text.plist.strings; name = Base; path = Base.lproj/InfoPlist.strings; sourceTree = "<group>"; };
/* End PBXFileReference section */

/* Begin PBXFrameworksBuildPhase section */
		8F625A3C230F2FA500EF3F92 /* Frameworks */ = {
			isa = PBXFrameworksBuildPhase;
			buildActionMask = 2147483647;
			files = (
				8FD4FF9C231326FB00541DC6 /* JKDesFireReader.framework in Frameworks */,
				8FC4B7F728E5969200100E82 /* Charts in Frameworks */,
				8FC4B7F428E5966100100E82 /* PromiseKit in Frameworks */,
			);
			runOnlyForDeploymentPostprocessing = 0;
		};
/* End PBXFrameworksBuildPhase section */

/* Begin PBXGroup section */
		8F0B3ABF2339074B00482B54 /* Classes */ = {
			isa = PBXGroup;
			children = (
				8FA970D723148B8800F37DE7 /* CardScannerDelegate.swift */,
				8FD4FF90231323AA00541DC6 /* CardScanner.swift */,
				8F0DA53C2319C80B0021FB7E /* Settings.swift */,
				8F3430572336C8C600951B79 /* HistoryDatabase.swift */,
			);
			path = Classes;
			sourceTree = "<group>";
		};
		8F40150F230F3ED900F2F31D /* Models */ = {
			isa = PBXGroup;
			children = (
				8F401510230F3EE600F2F31D /* Balance.swift */,
				8F401512230F3FC200F2F31D /* Cards.swift */,
				8F6DF9152337BB1D00BA1B96 /* HistoryEntry.swift */,
				8FBBC0D22338164300A59286 /* HistoryData.swift */,
			);
			path = Models;
			sourceTree = "<group>";
		};
		8F625A36230F2FA500EF3F92 = {
			isa = PBXGroup;
			children = (
				8F625A41230F2FA500EF3F92 /* MensaGuthaben */,
				8F625A40230F2FA500EF3F92 /* Products */,
				C39E0D64EDE81FAEABD5FD89 /* Frameworks */,
			);
			sourceTree = "<group>";
		};
		8F625A40230F2FA500EF3F92 /* Products */ = {
			isa = PBXGroup;
			children = (
				8F625A3F230F2FA500EF3F92 /* MensaGuthaben.app */,
			);
			name = Products;
			sourceTree = "<group>";
		};
		8F625A41230F2FA500EF3F92 /* MensaGuthaben */ = {
			isa = PBXGroup;
			children = (
				8FA970D9231491FB00F37DE7 /* MensaGuthaben.entitlements */,
				8FD4FF7E2311B10200541DC6 /* Views */,
				8F40150F230F3ED900F2F31D /* Models */,
				8F0B3ABF2339074B00482B54 /* Classes */,
				8F625A42230F2FA500EF3F92 /* AppDelegate.swift */,
				8F625A44230F2FA500EF3F92 /* SceneDelegate.swift */,
				8F625A48230F2FA600EF3F92 /* Assets.xcassets */,
				8F625A4D230F2FA600EF3F92 /* LaunchScreen.storyboard */,
				8FD4FF9F2313280100541DC6 /* Logo_rund.png */,
				8FD4FFA123132C4A00541DC6 /* JKM Logo.png */,
				8F625A50230F2FA600EF3F92 /* Info.plist */,
				8F625A4A230F2FA600EF3F92 /* Preview Content */,
				8FF0B2D023EA20970025A746 /* Localizable.strings */,
				8FF0B2D423EA210B0025A746 /* InfoPlist.strings */,
			);
			path = MensaGuthaben;
			sourceTree = "<group>";
		};
		8F625A4A230F2FA600EF3F92 /* Preview Content */ = {
			isa = PBXGroup;
			children = (
				8F625A4B230F2FA600EF3F92 /* Preview Assets.xcassets */,
			);
			path = "Preview Content";
			sourceTree = "<group>";
		};
		8FD4FF7E2311B10200541DC6 /* Views */ = {
			isa = PBXGroup;
			children = (
				8FD4FF892311D53F00541DC6 /* Helpers */,
				8F625A46230F2FA500EF3F92 /* MainView.swift */,
				8FD4FF7F2311B13200541DC6 /* SettingsView.swift */,
				8FD4FF812311D2EF00541DC6 /* LegalView.swift */,
				8FD4FF832311D40600541DC6 /* OpenSourceLicencesView.swift */,
				8FD4FF852311D4A400541DC6 /* SupportedCanteensView.swift */,
				8FD4FF872311D4AD00541DC6 /* AddCanteenView.swift */,
				8FBBC0D023380CA700A59286 /* HistoryView.swift */,
				8FDE3ECA23394D9B0027064C /* HistoryDetailView.swift */,
			);
			path = Views;
			sourceTree = "<group>";
		};
		8FD4FF892311D53F00541DC6 /* Helpers */ = {
			isa = PBXGroup;
			children = (
				8FD4FF8A2311D55500541DC6 /* TextRow.swift */,
				8FD4FF8C2311D56500541DC6 /* CheckboxSettingRow.swift */,
				8FD4FF8E23131DA100541DC6 /* HttpLinkRow.swift */,
				8FA970DC231499AC00F37DE7 /* DarkmodeTextColor.swift */,
				8F511C9B2315D9C30046E1A0 /* BalanceView.swift */,
				8F3E6EA7233AB1E60080FAD7 /* ChartsContainer.swift */,
			);
			path = Helpers;
			sourceTree = "<group>";
		};
		C39E0D64EDE81FAEABD5FD89 /* Frameworks */ = {
			isa = PBXGroup;
			children = (
				8FD4FF9A231326F800541DC6 /* JKDesFireReader.framework */,
			);
			name = Frameworks;
			sourceTree = "<group>";
		};
/* End PBXGroup section */

/* Begin PBXNativeTarget section */
		8F625A3E230F2FA500EF3F92 /* MensaGuthaben */ = {
			isa = PBXNativeTarget;
			buildConfigurationList = 8F625A53230F2FA600EF3F92 /* Build configuration list for PBXNativeTarget "MensaGuthaben" */;
			buildPhases = (
				8F625A3B230F2FA500EF3F92 /* Sources */,
				8F625A3C230F2FA500EF3F92 /* Frameworks */,
				8F625A3D230F2FA500EF3F92 /* Resources */,
				8FD4FF9E231326FB00541DC6 /* Embed Frameworks */,
			);
			buildRules = (
			);
			dependencies = (
			);
			name = MensaGuthaben;
			packageProductDependencies = (
				8FC4B7F328E5966100100E82 /* PromiseKit */,
				8FC4B7F628E5969200100E82 /* Charts */,
			);
			productName = MensaGuthaben;
			productReference = 8F625A3F230F2FA500EF3F92 /* MensaGuthaben.app */;
			productType = "com.apple.product-type.application";
		};
/* End PBXNativeTarget section */

/* Begin PBXProject section */
		8F625A37230F2FA500EF3F92 /* Project object */ = {
			isa = PBXProject;
			attributes = {
				LastSwiftUpdateCheck = 1100;
				LastUpgradeCheck = 1250;
				ORGANIZATIONNAME = "JKM Software";
				TargetAttributes = {
					8F625A3E230F2FA500EF3F92 = {
						CreatedOnToolsVersion = 11.0;
					};
				};
			};
			buildConfigurationList = 8F625A3A230F2FA500EF3F92 /* Build configuration list for PBXProject "MensaGuthaben" */;
			compatibilityVersion = "Xcode 9.3";
			developmentRegion = en;
			hasScannedForEncodings = 0;
			knownRegions = (
				en,
				Base,
				de,
			);
			mainGroup = 8F625A36230F2FA500EF3F92;
			packageReferences = (
				8FC4B7F228E5966100100E82 /* XCRemoteSwiftPackageReference "PromiseKit" */,
				8FC4B7F528E5969200100E82 /* XCRemoteSwiftPackageReference "Charts" */,
			);
			productRefGroup = 8F625A40230F2FA500EF3F92 /* Products */;
			projectDirPath = "";
			projectRoot = "";
			targets = (
				8F625A3E230F2FA500EF3F92 /* MensaGuthaben */,
			);
		};
/* End PBXProject section */

/* Begin PBXResourcesBuildPhase section */
		8F625A3D230F2FA500EF3F92 /* Resources */ = {
			isa = PBXResourcesBuildPhase;
			buildActionMask = 2147483647;
			files = (
				8F625A4F230F2FA600EF3F92 /* LaunchScreen.storyboard in Resources */,
				8FF0B2D623EA210B0025A746 /* InfoPlist.strings in Resources */,
				8FF0B2D223EA20970025A746 /* Localizable.strings in Resources */,
				8FD4FFA02313280100541DC6 /* Logo_rund.png in Resources */,
				8F625A4C230F2FA600EF3F92 /* Preview Assets.xcassets in Resources */,
				8FD4FFA223132C4A00541DC6 /* JKM Logo.png in Resources */,
				8F625A49230F2FA600EF3F92 /* Assets.xcassets in Resources */,
			);
			runOnlyForDeploymentPostprocessing = 0;
		};
/* End PBXResourcesBuildPhase section */

/* Begin PBXSourcesBuildPhase section */
		8F625A3B230F2FA500EF3F92 /* Sources */ = {
			isa = PBXSourcesBuildPhase;
			buildActionMask = 2147483647;
			files = (
				8F401513230F3FC200F2F31D /* Cards.swift in Sources */,
				8FDE3ECB23394D9B0027064C /* HistoryDetailView.swift in Sources */,
				8F6DF9162337BB1D00BA1B96 /* HistoryEntry.swift in Sources */,
				8F625A43230F2FA500EF3F92 /* AppDelegate.swift in Sources */,
				8FD4FF8F23131DA100541DC6 /* HttpLinkRow.swift in Sources */,
				8F401511230F3EE600F2F31D /* Balance.swift in Sources */,
				8FD4FF91231323AA00541DC6 /* CardScanner.swift in Sources */,
				8FD4FF8B2311D55500541DC6 /* TextRow.swift in Sources */,
				8F3E6EA8233AB1E60080FAD7 /* ChartsContainer.swift in Sources */,
				8FBBC0D123380CA700A59286 /* HistoryView.swift in Sources */,
				8F0DA53D2319C80B0021FB7E /* Settings.swift in Sources */,
				8FD4FF842311D40600541DC6 /* OpenSourceLicencesView.swift in Sources */,
				8FBBC0D32338164300A59286 /* HistoryData.swift in Sources */,
				8F511C9C2315D9C30046E1A0 /* BalanceView.swift in Sources */,
				8FD4FF862311D4A400541DC6 /* SupportedCanteensView.swift in Sources */,
				8FD4FF882311D4AD00541DC6 /* AddCanteenView.swift in Sources */,
				8FD4FF802311B13200541DC6 /* SettingsView.swift in Sources */,
				8FA970D823148B8800F37DE7 /* CardScannerDelegate.swift in Sources */,
				8F3430582336C8C600951B79 /* HistoryDatabase.swift in Sources */,
				8FD4FF8D2311D56500541DC6 /* CheckboxSettingRow.swift in Sources */,
				8F625A45230F2FA500EF3F92 /* SceneDelegate.swift in Sources */,
				8FA970DD231499AC00F37DE7 /* DarkmodeTextColor.swift in Sources */,
				8F625A47230F2FA500EF3F92 /* MainView.swift in Sources */,
				8FD4FF822311D2EF00541DC6 /* LegalView.swift in Sources */,
			);
			runOnlyForDeploymentPostprocessing = 0;
		};
/* End PBXSourcesBuildPhase section */

/* Begin PBXVariantGroup section */
		8F625A4D230F2FA600EF3F92 /* LaunchScreen.storyboard */ = {
			isa = PBXVariantGroup;
			children = (
				8F625A4E230F2FA600EF3F92 /* Base */,
				8FBC70482508194200FD0198 /* de */,
			);
			name = LaunchScreen.storyboard;
			sourceTree = "<group>";
		};
		8FF0B2D023EA20970025A746 /* Localizable.strings */ = {
			isa = PBXVariantGroup;
			children = (
				8FF0B2D123EA20970025A746 /* Base */,
				8FBC70492508194200FD0198 /* de */,
			);
			name = Localizable.strings;
			sourceTree = "<group>";
		};
		8FF0B2D423EA210B0025A746 /* InfoPlist.strings */ = {
			isa = PBXVariantGroup;
			children = (
				8FF0B2D523EA210B0025A746 /* Base */,
				8FBC704A2508194200FD0198 /* de */,
			);
			name = InfoPlist.strings;
			sourceTree = "<group>";
		};
/* End PBXVariantGroup section */

/* Begin XCBuildConfiguration section */
		8F625A51230F2FA600EF3F92 /* Debug */ = {
			isa = XCBuildConfiguration;
			buildSettings = {
				ALWAYS_SEARCH_USER_PATHS = NO;
				CLANG_ANALYZER_LOCALIZABILITY_NONLOCALIZED = YES;
				CLANG_ANALYZER_NONNULL = YES;
				CLANG_ANALYZER_NUMBER_OBJECT_CONVERSION = YES_AGGRESSIVE;
				CLANG_CXX_LANGUAGE_STANDARD = "gnu++14";
				CLANG_CXX_LIBRARY = "libc++";
				CLANG_ENABLE_MODULES = YES;
				CLANG_ENABLE_OBJC_ARC = YES;
				CLANG_ENABLE_OBJC_WEAK = YES;
				CLANG_WARN_BLOCK_CAPTURE_AUTORELEASING = YES;
				CLANG_WARN_BOOL_CONVERSION = YES;
				CLANG_WARN_COMMA = YES;
				CLANG_WARN_CONSTANT_CONVERSION = YES;
				CLANG_WARN_DEPRECATED_OBJC_IMPLEMENTATIONS = YES;
				CLANG_WARN_DIRECT_OBJC_ISA_USAGE = YES_ERROR;
				CLANG_WARN_DOCUMENTATION_COMMENTS = YES;
				CLANG_WARN_EMPTY_BODY = YES;
				CLANG_WARN_ENUM_CONVERSION = YES;
				CLANG_WARN_INFINITE_RECURSION = YES;
				CLANG_WARN_INT_CONVERSION = YES;
				CLANG_WARN_NON_LITERAL_NULL_CONVERSION = YES;
				CLANG_WARN_OBJC_IMPLICIT_RETAIN_SELF = YES;
				CLANG_WARN_OBJC_LITERAL_CONVERSION = YES;
				CLANG_WARN_OBJC_ROOT_CLASS = YES_ERROR;
				CLANG_WARN_QUOTED_INCLUDE_IN_FRAMEWORK_HEADER = YES;
				CLANG_WARN_RANGE_LOOP_ANALYSIS = YES;
				CLANG_WARN_STRICT_PROTOTYPES = YES;
				CLANG_WARN_SUSPICIOUS_MOVE = YES;
				CLANG_WARN_UNGUARDED_AVAILABILITY = YES_AGGRESSIVE;
				CLANG_WARN_UNREACHABLE_CODE = YES;
				CLANG_WARN__DUPLICATE_METHOD_MATCH = YES;
				COPY_PHASE_STRIP = NO;
				DEBUG_INFORMATION_FORMAT = dwarf;
				ENABLE_STRICT_OBJC_MSGSEND = YES;
				ENABLE_TESTABILITY = YES;
				GCC_C_LANGUAGE_STANDARD = gnu11;
				GCC_DYNAMIC_NO_PIC = NO;
				GCC_NO_COMMON_BLOCKS = YES;
				GCC_OPTIMIZATION_LEVEL = 0;
				GCC_PREPROCESSOR_DEFINITIONS = (
					"DEBUG=1",
					"$(inherited)",
				);
				GCC_WARN_64_TO_32_BIT_CONVERSION = YES;
				GCC_WARN_ABOUT_RETURN_TYPE = YES_ERROR;
				GCC_WARN_UNDECLARED_SELECTOR = YES;
				GCC_WARN_UNINITIALIZED_AUTOS = YES_AGGRESSIVE;
				GCC_WARN_UNUSED_FUNCTION = YES;
				GCC_WARN_UNUSED_VARIABLE = YES;
				IPHONEOS_DEPLOYMENT_TARGET = 13.0;
				MTL_ENABLE_DEBUG_INFO = INCLUDE_SOURCE;
				MTL_FAST_MATH = YES;
				ONLY_ACTIVE_ARCH = YES;
				SDKROOT = iphoneos;
				SWIFT_ACTIVE_COMPILATION_CONDITIONS = DEBUG;
				SWIFT_OPTIMIZATION_LEVEL = "-Onone";
			};
			name = Debug;
		};
		8F625A52230F2FA600EF3F92 /* Release */ = {
			isa = XCBuildConfiguration;
			buildSettings = {
				ALWAYS_SEARCH_USER_PATHS = NO;
				CLANG_ANALYZER_LOCALIZABILITY_NONLOCALIZED = YES;
				CLANG_ANALYZER_NONNULL = YES;
				CLANG_ANALYZER_NUMBER_OBJECT_CONVERSION = YES_AGGRESSIVE;
				CLANG_CXX_LANGUAGE_STANDARD = "gnu++14";
				CLANG_CXX_LIBRARY = "libc++";
				CLANG_ENABLE_MODULES = YES;
				CLANG_ENABLE_OBJC_ARC = YES;
				CLANG_ENABLE_OBJC_WEAK = YES;
				CLANG_WARN_BLOCK_CAPTURE_AUTORELEASING = YES;
				CLANG_WARN_BOOL_CONVERSION = YES;
				CLANG_WARN_COMMA = YES;
				CLANG_WARN_CONSTANT_CONVERSION = YES;
				CLANG_WARN_DEPRECATED_OBJC_IMPLEMENTATIONS = YES;
				CLANG_WARN_DIRECT_OBJC_ISA_USAGE = YES_ERROR;
				CLANG_WARN_DOCUMENTATION_COMMENTS = YES;
				CLANG_WARN_EMPTY_BODY = YES;
				CLANG_WARN_ENUM_CONVERSION = YES;
				CLANG_WARN_INFINITE_RECURSION = YES;
				CLANG_WARN_INT_CONVERSION = YES;
				CLANG_WARN_NON_LITERAL_NULL_CONVERSION = YES;
				CLANG_WARN_OBJC_IMPLICIT_RETAIN_SELF = YES;
				CLANG_WARN_OBJC_LITERAL_CONVERSION = YES;
				CLANG_WARN_OBJC_ROOT_CLASS = YES_ERROR;
				CLANG_WARN_QUOTED_INCLUDE_IN_FRAMEWORK_HEADER = YES;
				CLANG_WARN_RANGE_LOOP_ANALYSIS = YES;
				CLANG_WARN_STRICT_PROTOTYPES = YES;
				CLANG_WARN_SUSPICIOUS_MOVE = YES;
				CLANG_WARN_UNGUARDED_AVAILABILITY = YES_AGGRESSIVE;
				CLANG_WARN_UNREACHABLE_CODE = YES;
				CLANG_WARN__DUPLICATE_METHOD_MATCH = YES;
				COPY_PHASE_STRIP = NO;
				DEBUG_INFORMATION_FORMAT = "dwarf-with-dsym";
				ENABLE_NS_ASSERTIONS = NO;
				ENABLE_STRICT_OBJC_MSGSEND = YES;
				GCC_C_LANGUAGE_STANDARD = gnu11;
				GCC_NO_COMMON_BLOCKS = YES;
				GCC_WARN_64_TO_32_BIT_CONVERSION = YES;
				GCC_WARN_ABOUT_RETURN_TYPE = YES_ERROR;
				GCC_WARN_UNDECLARED_SELECTOR = YES;
				GCC_WARN_UNINITIALIZED_AUTOS = YES_AGGRESSIVE;
				GCC_WARN_UNUSED_FUNCTION = YES;
				GCC_WARN_UNUSED_VARIABLE = YES;
				IPHONEOS_DEPLOYMENT_TARGET = 13.0;
				MTL_ENABLE_DEBUG_INFO = NO;
				MTL_FAST_MATH = YES;
				SDKROOT = iphoneos;
				SWIFT_COMPILATION_MODE = wholemodule;
				SWIFT_OPTIMIZATION_LEVEL = "-O";
				VALIDATE_PRODUCT = YES;
			};
			name = Release;
		};
		8F625A54230F2FA600EF3F92 /* Debug */ = {
			isa = XCBuildConfiguration;
			buildSettings = {
				ASSETCATALOG_COMPILER_APPICON_NAME = AppIcon;
				CODE_SIGN_ENTITLEMENTS = MensaGuthaben/MensaGuthaben.entitlements;
				CODE_SIGN_IDENTITY = "iPhone Developer";
				CODE_SIGN_STYLE = Manual;
				CURRENT_PROJECT_VERSION = 1.2.127;
				DEVELOPMENT_ASSET_PATHS = "\"MensaGuthaben/Preview Content\"";
				DEVELOPMENT_TEAM = EBQF48FD36;
				ENABLE_PREVIEWS = YES;
				FRAMEWORK_SEARCH_PATHS = (
					"$(inherited)",
					"$(PROJECT_DIR)",
					"$(PROJECT_DIR)/MensaGuthaben/Frameworks",
				);
				INFOPLIST_FILE = MensaGuthaben/Info.plist;
				LD_RUNPATH_SEARCH_PATHS = (
					"$(inherited)",
					"@executable_path/Frameworks",
				);
				MARKETING_VERSION = 1.2.4;
				PRODUCT_BUNDLE_IDENTIFIER = com.johanneskreutz.mensaguthaben;
				PRODUCT_NAME = "$(TARGET_NAME)";
				PROVISIONING_PROFILE_SPECIFIER = "MensaGuthaben Development 25.06.2021";
				SUPPORTED_PLATFORMS = "iphoneos iphonesimulator";
				SUPPORTS_MACCATALYST = NO;
				SUPPORTS_MAC_DESIGNED_FOR_IPHONE_IPAD = NO;
				SWIFT_VERSION = 5.0;
				TARGETED_DEVICE_FAMILY = 1;
			};
			name = Debug;
		};
		8F625A55230F2FA600EF3F92 /* Release */ = {
			isa = XCBuildConfiguration;
			buildSettings = {
				ASSETCATALOG_COMPILER_APPICON_NAME = AppIcon;
				CODE_SIGN_ENTITLEMENTS = MensaGuthaben/MensaGuthaben.entitlements;
				CODE_SIGN_IDENTITY = "iPhone Developer";
				CODE_SIGN_STYLE = Manual;
				CURRENT_PROJECT_VERSION = 1.2.127;
				DEVELOPMENT_ASSET_PATHS = "\"MensaGuthaben/Preview Content\"";
				DEVELOPMENT_TEAM = EBQF48FD36;
				ENABLE_PREVIEWS = YES;
				FRAMEWORK_SEARCH_PATHS = (
					"$(inherited)",
					"$(PROJECT_DIR)",
					"$(PROJECT_DIR)/MensaGuthaben/Frameworks",
				);
				INFOPLIST_FILE = MensaGuthaben/Info.plist;
				LD_RUNPATH_SEARCH_PATHS = (
					"$(inherited)",
					"@executable_path/Frameworks",
				);
				MARKETING_VERSION = 1.2.4;
				PRODUCT_BUNDLE_IDENTIFIER = com.johanneskreutz.mensaguthaben;
				PRODUCT_NAME = "$(TARGET_NAME)";
				PROVISIONING_PROFILE_SPECIFIER = "MensaGuthaben Development 25.06.2021";
				SUPPORTED_PLATFORMS = "iphoneos iphonesimulator";
				SUPPORTS_MACCATALYST = NO;
				SUPPORTS_MAC_DESIGNED_FOR_IPHONE_IPAD = NO;
				SWIFT_VERSION = 5.0;
				TARGETED_DEVICE_FAMILY = 1;
			};
			name = Release;
		};
/* End XCBuildConfiguration section */

/* Begin XCConfigurationList section */
		8F625A3A230F2FA500EF3F92 /* Build configuration list for PBXProject "MensaGuthaben" */ = {
			isa = XCConfigurationList;
			buildConfigurations = (
				8F625A51230F2FA600EF3F92 /* Debug */,
				8F625A52230F2FA600EF3F92 /* Release */,
			);
			defaultConfigurationIsVisible = 0;
			defaultConfigurationName = Release;
		};
		8F625A53230F2FA600EF3F92 /* Build configuration list for PBXNativeTarget "MensaGuthaben" */ = {
			isa = XCConfigurationList;
			buildConfigurations = (
				8F625A54230F2FA600EF3F92 /* Debug */,
				8F625A55230F2FA600EF3F92 /* Release */,
			);
			defaultConfigurationIsVisible = 0;
			defaultConfigurationName = Release;
		};
/* End XCConfigurationList section */

/* Begin XCRemoteSwiftPackageReference section */
		8FC4B7F228E5966100100E82 /* XCRemoteSwiftPackageReference "PromiseKit" */ = {
			isa = XCRemoteSwiftPackageReference;
			repositoryURL = "https://github.com/mxcl/PromiseKit";
			requirement = {
				kind = upToNextMajorVersion;
				minimumVersion = 6.0.0;
			};
		};
		8FC4B7F528E5969200100E82 /* XCRemoteSwiftPackageReference "Charts" */ = {
			isa = XCRemoteSwiftPackageReference;
			repositoryURL = "https://github.com/danielgindi/Charts";
			requirement = {
				kind = upToNextMajorVersion;
				minimumVersion = 4.0.0;
			};
		};
/* End XCRemoteSwiftPackageReference section */

/* Begin XCSwiftPackageProductDependency section */
		8FC4B7F328E5966100100E82 /* PromiseKit */ = {
			isa = XCSwiftPackageProductDependency;
			package = 8FC4B7F228E5966100100E82 /* XCRemoteSwiftPackageReference "PromiseKit" */;
			productName = PromiseKit;
		};
		8FC4B7F628E5969200100E82 /* Charts */ = {
			isa = XCSwiftPackageProductDependency;
			package = 8FC4B7F528E5969200100E82 /* XCRemoteSwiftPackageReference "Charts" */;
			productName = Charts;
		};
/* End XCSwiftPackageProductDependency section */
	};
	rootObject = 8F625A37230F2FA500EF3F92 /* Project object */;
}
